
Microsoft Visual Studio Solution File, Format Version 12.00
# Visual Studio Version 17
VisualStudioVersion = 17.14.36212.18 d17.14
MinimumVisualStudioVersion = 10.0.40219.1
Project("{FAE04EC0-301F-11D3-BF4B-00C04F79EFBC}") = "FrontBack", "FrontBack\FrontBack.csproj", "{FD4D7C00-3839-40D3-9849-38B7C756BC83}"
EndProject
Project("{FAE04EC0-301F-11D3-BF4B-00C04F79EFBC}") = "FrontBack.Client", "FrontBack.Client\FrontBack.Client.csproj", "{3B078F8D-1205-4A87-B7D0-F12ED5F31451}"
EndProject
Global
	GlobalSection(SolutionConfigurationPlatforms) = preSolution
		Debug|Any CPU = Debug|Any CPU
		Release|Any CPU = Release|Any CPU
	EndGlobalSection
	GlobalSection(ProjectConfigurationPlatforms) = postSolution
		{FD4D7C00-3839-40D3-9849-38B7C756BC83}.Debug|Any CPU.ActiveCfg = Debug|Any CPU
		{FD4D7C00-3839-40D3-9849-38B7C756BC83}.Debug|Any CPU.Build.0 = Debug|Any CPU
		{FD4D7C00-3839-40D3-9849-38B7C756BC83}.Release|Any CPU.ActiveCfg = Release|Any CPU
		{FD4D7C00-3839-40D3-9849-38B7C756BC83}.Release|Any CPU.Build.0 = Release|Any CPU
		{3B078F8D-1205-4A87-B7D0-F12ED5F31451}.Debug|Any CPU.ActiveCfg = Debug|Any CPU
		{3B078F8D-1205-4A87-B7D0-F12ED5F31451}.Debug|Any CPU.Build.0 = Debug|Any CPU
		{3B078F8D-1205-4A87-B7D0-F12ED5F31451}.Release|Any CPU.ActiveCfg = Release|Any CPU
		{3B078F8D-1205-4A87-B7D0-F12ED5F31451}.Release|Any CPU.Build.0 = Release|Any CPU
	EndGlobalSection
	GlobalSection(SolutionProperties) = preSolution
		HideSolutionNode = FALSE
	EndGlobalSection
	GlobalSection(ExtensibilityGlobals) = postSolution
		SolutionGuid = {F28762A8-F548-417A-A7EC-B0FCF360670E}
	EndGlobalSection
EndGlobal
