
Microsoft Visual Studio Solution File, Format Version 12.00
# Visual Studio Version 17
VisualStudioVersion = 17.14.36212.18 d17.14
MinimumVisualStudioVersion = 10.0.40219.1
Project("{FAE04EC0-301F-11D3-BF4B-00C04F79EFBC}") = "09Average", "09Average.csproj", "{A9FBD441-F9CB-4581-B59E-679760785D7F}"
EndProject
Global
	GlobalSection(SolutionConfigurationPlatforms) = preSolution
		Debug|Any CPU = Debug|Any CPU
		Release|Any CPU = Release|Any CPU
	EndGlobalSection
	GlobalSection(ProjectConfigurationPlatforms) = postSolution
		{A9FBD441-F9CB-4581-B59E-679760785D7F}.Debug|Any CPU.ActiveCfg = Debug|Any CPU
		{A9FBD441-F9CB-4581-B59E-679760785D7F}.Debug|Any CPU.Build.0 = Debug|Any CPU
		{A9FBD441-F9CB-4581-B59E-679760785D7F}.Release|Any CPU.ActiveCfg = Release|Any CPU
		{A9FBD441-F9CB-4581-B59E-679760785D7F}.Release|Any CPU.Build.0 = Release|Any CPU
	EndGlobalSection
	GlobalSection(SolutionProperties) = preSolution
		HideSolutionNode = FALSE
	EndGlobalSection
	GlobalSection(ExtensibilityGlobals) = postSolution
		SolutionGuid = {374E059F-D4F2-4AF4-A92A-808332F7BB66}
	EndGlobalSection
EndGlobal
