
Microsoft Visual Studio Solution File, Format Version 12.00
# Visual Studio Version 17
VisualStudioVersion = 17.14.36212.18 d17.14
MinimumVisualStudioVersion = 10.0.40219.1
Project("{FAE04EC0-301F-11D3-BF4B-00C04F79EFBC}") = "06Contains", "06Contains.csproj", "{3E9BC4C7-A440-49DF-B8A8-3473DF180EEB}"
EndProject
Global
	GlobalSection(SolutionConfigurationPlatforms) = preSolution
		Debug|Any CPU = Debug|Any CPU
		Release|Any CPU = Release|Any CPU
	EndGlobalSection
	GlobalSection(ProjectConfigurationPlatforms) = postSolution
		{3E9BC4C7-A440-49DF-B8A8-3473DF180EEB}.Debug|Any CPU.ActiveCfg = Debug|Any CPU
		{3E9BC4C7-A440-49DF-B8A8-3473DF180EEB}.Debug|Any CPU.Build.0 = Debug|Any CPU
		{3E9BC4C7-A440-49DF-B8A8-3473DF180EEB}.Release|Any CPU.ActiveCfg = Release|Any CPU
		{3E9BC4C7-A440-49DF-B8A8-3473DF180EEB}.Release|Any CPU.Build.0 = Release|Any CPU
	EndGlobalSection
	GlobalSection(SolutionProperties) = preSolution
		HideSolutionNode = FALSE
	EndGlobalSection
	GlobalSection(ExtensibilityGlobals) = postSolution
		SolutionGuid = {D6B2D7AD-7800-4482-B02A-689C20B2105B}
	EndGlobalSection
EndGlobal
