
Microsoft Visual Studio Solution File, Format Version 12.00
# Visual Studio Version 17
VisualStudioVersion = 17.14.36212.18 d17.14
MinimumVisualStudioVersion = 10.0.40219.1
Project("{FAE04EC0-301F-11D3-BF4B-00C04F79EFBC}") = "All01", "All01.csproj", "{DA780C34-226A-4A50-89CD-E069C15F9687}"
EndProject
Global
	GlobalSection(SolutionConfigurationPlatforms) = preSolution
		Debug|Any CPU = Debug|Any CPU
		Release|Any CPU = Release|Any CPU
	EndGlobalSection
	GlobalSection(ProjectConfigurationPlatforms) = postSolution
		{DA780C34-226A-4A50-89CD-E069C15F9687}.Debug|Any CPU.ActiveCfg = Debug|Any CPU
		{DA780C34-226A-4A50-89CD-E069C15F9687}.Debug|Any CPU.Build.0 = Debug|Any CPU
		{DA780C34-226A-4A50-89CD-E069C15F9687}.Release|Any CPU.ActiveCfg = Release|Any CPU
		{DA780C34-226A-4A50-89CD-E069C15F9687}.Release|Any CPU.Build.0 = Release|Any CPU
	EndGlobalSection
	GlobalSection(SolutionProperties) = preSolution
		HideSolutionNode = FALSE
	EndGlobalSection
	GlobalSection(ExtensibilityGlobals) = postSolution
		SolutionGuid = {807AC398-73E2-41B1-BA0A-6C56F59B6CED}
	EndGlobalSection
EndGlobal
