
Microsoft Visual Studio Solution File, Format Version 12.00
# Visual Studio Version 17
VisualStudioVersion = 17.14.36212.18 d17.14
MinimumVisualStudioVersion = 10.0.40219.1
Project("{FAE04EC0-301F-11D3-BF4B-00C04F79EFBC}") = "FrontBackUsers", "FrontBackUsers\FrontBackUsers.csproj", "{F1BBCFEF-95F4-468D-8C07-300FE208D14D}"
EndProject
Project("{FAE04EC0-301F-11D3-BF4B-00C04F79EFBC}") = "FrontBackUsers.Client", "FrontBackUsers.Client\FrontBackUsers.Client.csproj", "{B34E4335-053E-4773-AD2D-2D4E921F4FB4}"
EndProject
Global
	GlobalSection(SolutionConfigurationPlatforms) = preSolution
		Debug|Any CPU = Debug|Any CPU
		Release|Any CPU = Release|Any CPU
	EndGlobalSection
	GlobalSection(ProjectConfigurationPlatforms) = postSolution
		{F1BBCFEF-95F4-468D-8C07-300FE208D14D}.Debug|Any CPU.ActiveCfg = Debug|Any CPU
		{F1BBCFEF-95F4-468D-8C07-300FE208D14D}.Debug|Any CPU.Build.0 = Debug|Any CPU
		{F1BBCFEF-95F4-468D-8C07-300FE208D14D}.Release|Any CPU.ActiveCfg = Release|Any CPU
		{F1BBCFEF-95F4-468D-8C07-300FE208D14D}.Release|Any CPU.Build.0 = Release|Any CPU
		{B34E4335-053E-4773-AD2D-2D4E921F4FB4}.Debug|Any CPU.ActiveCfg = Debug|Any CPU
		{B34E4335-053E-4773-AD2D-2D4E921F4FB4}.Debug|Any CPU.Build.0 = Debug|Any CPU
		{B34E4335-053E-4773-AD2D-2D4E921F4FB4}.Release|Any CPU.ActiveCfg = Release|Any CPU
		{B34E4335-053E-4773-AD2D-2D4E921F4FB4}.Release|Any CPU.Build.0 = Release|Any CPU
	EndGlobalSection
	GlobalSection(SolutionProperties) = preSolution
		HideSolutionNode = FALSE
	EndGlobalSection
	GlobalSection(ExtensibilityGlobals) = postSolution
		SolutionGuid = {15AA3827-A2BF-4FD0-AD00-694F9072B4F8}
	EndGlobalSection
EndGlobal
